
Microsoft Visual Studio Solution File, Format Version 12.00
# Visual Studio Version 17
VisualStudioVersion = 17.1.32210.238
MinimumVisualStudioVersion = 10.0.40219.1
Project("{FAE04EC0-301F-11D3-BF4B-00C04F79EFBC}") = "GUI", "GUI\GUI.csproj", "{B633484B-67AE-4CED-9738-3F75321F3A6B}"
EndProject
Global
	GlobalSection(SolutionConfigurationPlatforms) = preSolution
		Debug|Any CPU = Debug|Any CPU
		Release|Any CPU = Release|Any CPU
	EndGlobalSection
	GlobalSection(ProjectConfigurationPlatforms) = postSolution
		{B633484B-67AE-4CED-9738-3F75321F3A6B}.Debug|Any CPU.ActiveCfg = Debug|Any CPU
		{B633484B-67AE-4CED-9738-3F75321F3A6B}.Debug|Any CPU.Build.0 = Debug|Any CPU
		{B633484B-67AE-4CED-9738-3F75321F3A6B}.Release|Any CPU.ActiveCfg = Release|Any CPU
		{B633484B-67AE-4CED-9738-3F75321F3A6B}.Release|Any CPU.Build.0 = Release|Any CPU
	EndGlobalSection
	GlobalSection(SolutionProperties) = preSolution
		HideSolutionNode = FALSE
	EndGlobalSection
	GlobalSection(ExtensibilityGlobals) = postSolution
		SolutionGuid = {8D295E91-8EF3-4312-BBE0-0BCC2826B3CB}
	EndGlobalSection
EndGlobal
